// !$*UTF8*$!
{
	archiveVersion = 1;
	classes = {
	};
	objectVersion = 56;
	objects = {

/* Begin PBXBuildFile section */
		5621E4E82B9326B900307C89 /* AppDelegate.swift in Sources */ = {isa = PBXBuildFile; fileRef = 5621E4E72B9326B900307C89 /* AppDelegate.swift */; };
		5621E4EA2B9326B900307C89 /* SceneDelegate.swift in Sources */ = {isa = PBXBuildFile; fileRef = 5621E4E92B9326B900307C89 /* SceneDelegate.swift */; };
		5621E4EC2B9326B900307C89 /* ViewController.swift in Sources */ = {isa = PBXBuildFile; fileRef = 5621E4EB2B9326B900307C89 /* ViewController.swift */; };
		5621E4EF2B9326B900307C89 /* Main.storyboard in Resources */ = {isa = PBXBuildFile; fileRef = 5621E4ED2B9326B900307C89 /* Main.storyboard */; };
		5621E4F12B9326BB00307C89 /* Assets.xcassets in Resources */ = {isa = PBXBuildFile; fileRef = 5621E4F02B9326BB00307C89 /* Assets.xcassets */; };
		5621E4F42B9326BB00307C89 /* LaunchScreen.storyboard in Resources */ = {isa = PBXBuildFile; fileRef = 5621E4F22B9326BB00307C89 /* LaunchScreen.storyboard */; };
		5621E4FF2B9326BB00307C89 /* location_accuraryTests.swift in Sources */ = {isa = PBXBuildFile; fileRef = 5621E4FE2B9326BB00307C89 /* location_accuraryTests.swift */; };
		5621E5092B9326BB00307C89 /* location_accuraryUITests.swift in Sources */ = {isa = PBXBuildFile; fileRef = 5621E5082B9326BB00307C89 /* location_accuraryUITests.swift */; };
		5621E50B2B9326BB00307C89 /* location_accuraryUITestsLaunchTests.swift in Sources */ = {isa = PBXBuildFile; fileRef = 5621E50A2B9326BB00307C89 /* location_accuraryUITestsLaunchTests.swift */; };
/* End PBXBuildFile section */

/* Begin PBXContainerItemProxy section */
		5621E4FB2B9326BB00307C89 /* PBXContainerItemProxy */ = {
			isa = PBXContainerItemProxy;
			containerPortal = 5621E4DC2B9326B900307C89 /* Project object */;
			proxyType = 1;
			remoteGlobalIDString = 5621E4E32B9326B900307C89;
			remoteInfo = location_accurary;
		};
		5621E5052B9326BB00307C89 /* PBXContainerItemProxy */ = {
			isa = PBXContainerItemProxy;
			containerPortal = 5621E4DC2B9326B900307C89 /* Project object */;
			proxyType = 1;
			remoteGlobalIDString = 5621E4E32B9326B900307C89;
			remoteInfo = location_accurary;
		};
/* End PBXContainerItemProxy section */

/* Begin PBXFileReference section */
		5621E4E42B9326B900307C89 /* location_accurary.app */ = {isa = PBXFileReference; explicitFileType = wrapper.application; includeInIndex = 0; path = location_accurary.app; sourceTree = BUILT_PRODUCTS_DIR; };
		5621E4E72B9326B900307C89 /* AppDelegate.swift */ = {isa = PBXFileReference; lastKnownFileType = sourcecode.swift; path = AppDelegate.swift; sourceTree = "<group>"; };
		5621E4E92B9326B900307C89 /* SceneDelegate.swift */ = {isa = PBXFileReference; lastKnownFileType = sourcecode.swift; path = SceneDelegate.swift; sourceTree = "<group>"; };
		5621E4EB2B9326B900307C89 /* ViewController.swift */ = {isa = PBXFileReference; lastKnownFileType = sourcecode.swift; path = ViewController.swift; sourceTree = "<group>"; };
		5621E4EE2B9326B900307C89 /* Base */ = {isa = PBXFileReference; lastKnownFileType = file.storyboard; name = Base; path = Base.lproj/Main.storyboard; sourceTree = "<group>"; };
		5621E4F02B9326BB00307C89 /* Assets.xcassets */ = {isa = PBXFileReference; lastKnownFileType = folder.assetcatalog; path = Assets.xcassets; sourceTree = "<group>"; };
		5621E4F32B9326BB00307C89 /* Base */ = {isa = PBXFileReference; lastKnownFileType = file.storyboard; name = Base; path = Base.lproj/LaunchScreen.storyboard; sourceTree = "<group>"; };
		5621E4F52B9326BB00307C89 /* Info.plist */ = {isa = PBXFileReference; lastKnownFileType = text.plist.xml; path = Info.plist; sourceTree = "<group>"; };
		5621E4FA2B9326BB00307C89 /* location_accuraryTests.xctest */ = {isa = PBXFileReference; explicitFileType = wrapper.cfbundle; includeInIndex = 0; path = location_accuraryTests.xctest; sourceTree = BUILT_PRODUCTS_DIR; };
		5621E4FE2B9326BB00307C89 /* location_accuraryTests.swift */ = {isa = PBXFileReference; lastKnownFileType = sourcecode.swift; path = location_accuraryTests.swift; sourceTree = "<group>"; };
		5621E5042B9326BB00307C89 /* location_accuraryUITests.xctest */ = {isa = PBXFileReference; explicitFileType = wrapper.cfbundle; includeInIndex = 0; path = location_accuraryUITests.xctest; sourceTree = BUILT_PRODUCTS_DIR; };
		5621E5082B9326BB00307C89 /* location_accuraryUITests.swift */ = {isa = PBXFileReference; lastKnownFileType = sourcecode.swift; path = location_accuraryUITests.swift; sourceTree = "<group>"; };
		5621E50A2B9326BB00307C89 /* location_accuraryUITestsLaunchTests.swift */ = {isa = PBXFileReference; lastKnownFileType = sourcecode.swift; path = location_accuraryUITestsLaunchTests.swift; sourceTree = "<group>"; };
/* End PBXFileReference section */

/* Begin PBXFrameworksBuildPhase section */
		5621E4E12B9326B900307C89 /* Frameworks */ = {
			isa = PBXFrameworksBuildPhase;
			buildActionMask = 2147483647;
			files = (
			);
			runOnlyForDeploymentPostprocessing = 0;
		};
		5621E4F72B9326BB00307C89 /* Frameworks */ = {
			isa = PBXFrameworksBuildPhase;
			buildActionMask = 2147483647;
			files = (
			);
			runOnlyForDeploymentPostprocessing = 0;
		};
		5621E5012B9326BB00307C89 /* Frameworks */ = {
			isa = PBXFrameworksBuildPhase;
			buildActionMask = 2147483647;
			files = (
			);
			runOnlyForDeploymentPostprocessing = 0;
		};
/* End PBXFrameworksBuildPhase section */

/* Begin PBXGroup section */
		5621E4DB2B9326B900307C89 = {
			isa = PBXGroup;
			children = (
				5621E4E62B9326B900307C89 /* location_accurary */,
				5621E4FD2B9326BB00307C89 /* location_accuraryTests */,
				5621E5072B9326BB00307C89 /* location_accuraryUITests */,
				5621E4E52B9326B900307C89 /* Products */,
			);
			sourceTree = "<group>";
		};
		5621E4E52B9326B900307C89 /* Products */ = {
			isa = PBXGroup;
			children = (
				5621E4E42B9326B900307C89 /* location_accurary.app */,
				5621E4FA2B9326BB00307C89 /* location_accuraryTests.xctest */,
				5621E5042B9326BB00307C89 /* location_accuraryUITests.xctest */,
			);
			name = Products;
			sourceTree = "<group>";
		};
		5621E4E62B9326B900307C89 /* location_accurary */ = {
			isa = PBXGroup;
			children = (
				5621E4E72B9326B900307C89 /* AppDelegate.swift */,
				5621E4E92B9326B900307C89 /* SceneDelegate.swift */,
				5621E4EB2B9326B900307C89 /* ViewController.swift */,
				5621E4ED2B9326B900307C89 /* Main.storyboard */,
				5621E4F02B9326BB00307C89 /* Assets.xcassets */,
				5621E4F22B9326BB00307C89 /* LaunchScreen.storyboard */,
				5621E4F52B9326BB00307C89 /* Info.plist */,
			);
			path = location_accurary;
			sourceTree = "<group>";
		};
		5621E4FD2B9326BB00307C89 /* location_accuraryTests */ = {
			isa = PBXGroup;
			children = (
				5621E4FE2B9326BB00307C89 /* location_accuraryTests.swift */,
			);
			path = location_accuraryTests;
			sourceTree = "<group>";
		};
		5621E5072B9326BB00307C89 /* location_accuraryUITests */ = {
			isa = PBXGroup;
			children = (
				5621E5082B9326BB00307C89 /* location_accuraryUITests.swift */,
				5621E50A2B9326BB00307C89 /* location_accuraryUITestsLaunchTests.swift */,
			);
			path = location_accuraryUITests;
			sourceTree = "<group>";
		};
/* End PBXGroup section */

/* Begin PBXNativeTarget section */
		5621E4E32B9326B900307C89 /* location_accurary */ = {
			isa = PBXNativeTarget;
			buildConfigurationList = 5621E50E2B9326BC00307C89 /* Build configuration list for PBXNativeTarget "location_accurary" */;
			buildPhases = (
				5621E4E02B9326B900307C89 /* Sources */,
				5621E4E12B9326B900307C89 /* Frameworks */,
				5621E4E22B9326B900307C89 /* Resources */,
			);
			buildRules = (
			);
			dependencies = (
			);
			name = location_accurary;
			productName = location_accurary;
			productReference = 5621E4E42B9326B900307C89 /* location_accurary.app */;
			productType = "com.apple.product-type.application";
		};
		5621E4F92B9326BB00307C89 /* location_accuraryTests */ = {
			isa = PBXNativeTarget;
			buildConfigurationList = 5621E5112B9326BC00307C89 /* Build configuration list for PBXNativeTarget "location_accuraryTests" */;
			buildPhases = (
				5621E4F62B9326BB00307C89 /* Sources */,
				5621E4F72B9326BB00307C89 /* Frameworks */,
				5621E4F82B9326BB00307C89 /* Resources */,
			);
			buildRules = (
			);
			dependencies = (
				5621E4FC2B9326BB00307C89 /* PBXTargetDependency */,
			);
			name = location_accuraryTests;
			productName = location_accuraryTests;
			productReference = 5621E4FA2B9326BB00307C89 /* location_accuraryTests.xctest */;
			productType = "com.apple.product-type.bundle.unit-test";
		};
		5621E5032B9326BB00307C89 /* location_accuraryUITests */ = {
			isa = PBXNativeTarget;
			buildConfigurationList = 5621E5142B9326BC00307C89 /* Build configuration list for PBXNativeTarget "location_accuraryUITests" */;
			buildPhases = (
				5621E5002B9326BB00307C89 /* Sources */,
				5621E5012B9326BB00307C89 /* Frameworks */,
				5621E5022B9326BB00307C89 /* Resources */,
			);
			buildRules = (
			);
			dependencies = (
				5621E5062B9326BB00307C89 /* PBXTargetDependency */,
			);
			name = location_accuraryUITests;
			productName = location_accuraryUITests;
			productReference = 5621E5042B9326BB00307C89 /* location_accuraryUITests.xctest */;
			productType = "com.apple.product-type.bundle.ui-testing";
		};
/* End PBXNativeTarget section */

/* Begin PBXProject section */
		5621E4DC2B9326B900307C89 /* Project object */ = {
			isa = PBXProject;
			attributes = {
				BuildIndependentTargetsInParallel = 1;
				LastSwiftUpdateCheck = 1420;
				LastUpgradeCheck = 1420;
				TargetAttributes = {
					5621E4E32B9326B900307C89 = {
						CreatedOnToolsVersion = 14.2;
					};
					5621E4F92B9326BB00307C89 = {
						CreatedOnToolsVersion = 14.2;
						TestTargetID = 5621E4E32B9326B900307C89;
					};
					5621E5032B9326BB00307C89 = {
						CreatedOnToolsVersion = 14.2;
						TestTargetID = 5621E4E32B9326B900307C89;
					};
				};
			};
			buildConfigurationList = 5621E4DF2B9326B900307C89 /* Build configuration list for PBXProject "location_accurary" */;
			compatibilityVersion = "Xcode 14.0";
			developmentRegion = en;
			hasScannedForEncodings = 0;
			knownRegions = (
				en,
				Base,
			);
			mainGroup = 5621E4DB2B9326B900307C89;
			productRefGroup = 5621E4E52B9326B900307C89 /* Products */;
			projectDirPath = "";
			projectRoot = "";
			targets = (
				5621E4E32B9326B900307C89 /* location_accurary */,
				5621E4F92B9326BB00307C89 /* location_accuraryTests */,
				5621E5032B9326BB00307C89 /* location_accuraryUITests */,
			);
		};
/* End PBXProject section */

/* Begin PBXResourcesBuildPhase section */
		5621E4E22B9326B900307C89 /* Resources */ = {
			isa = PBXResourcesBuildPhase;
			buildActionMask = 2147483647;
			files = (
				5621E4F42B9326BB00307C89 /* LaunchScreen.storyboard in Resources */,
				5621E4F12B9326BB00307C89 /* Assets.xcassets in Resources */,
				5621E4EF2B9326B900307C89 /* Main.storyboard in Resources */,
			);
			runOnlyForDeploymentPostprocessing = 0;
		};
		5621E4F82B9326BB00307C89 /* Resources */ = {
			isa = PBXResourcesBuildPhase;
			buildActionMask = 2147483647;
			files = (
			);
			runOnlyForDeploymentPostprocessing = 0;
		};
		5621E5022B9326BB00307C89 /* Resources */ = {
			isa = PBXResourcesBuildPhase;
			buildActionMask = 2147483647;
			files = (
			);
			runOnlyForDeploymentPostprocessing = 0;
		};
/* End PBXResourcesBuildPhase section */

/* Begin PBXSourcesBuildPhase section */
		5621E4E02B9326B900307C89 /* Sources */ = {
			isa = PBXSourcesBuildPhase;
			buildActionMask = 2147483647;
			files = (
				5621E4EC2B9326B900307C89 /* ViewController.swift in Sources */,
				5621E4E82B9326B900307C89 /* AppDelegate.swift in Sources */,
				5621E4EA2B9326B900307C89 /* SceneDelegate.swift in Sources */,
			);
			runOnlyForDeploymentPostprocessing = 0;
		};
		5621E4F62B9326BB00307C89 /* Sources */ = {
			isa = PBXSourcesBuildPhase;
			buildActionMask = 2147483647;
			files = (
				5621E4FF2B9326BB00307C89 /* location_accuraryTests.swift in Sources */,
			);
			runOnlyForDeploymentPostprocessing = 0;
		};
		5621E5002B9326BB00307C89 /* Sources */ = {
			isa = PBXSourcesBuildPhase;
			buildActionMask = 2147483647;
			files = (
				5621E5092B9326BB00307C89 /* location_accuraryUITests.swift in Sources */,
				5621E50B2B9326BB00307C89 /* location_accuraryUITestsLaunchTests.swift in Sources */,
			);
			runOnlyForDeploymentPostprocessing = 0;
		};
/* End PBXSourcesBuildPhase section */

/* Begin PBXTargetDependency section */
		5621E4FC2B9326BB00307C89 /* PBXTargetDependency */ = {
			isa = PBXTargetDependency;
			target = 5621E4E32B9326B900307C89 /* location_accurary */;
			targetProxy = 5621E4FB2B9326BB00307C89 /* PBXContainerItemProxy */;
		};
		5621E5062B9326BB00307C89 /* PBXTargetDependency */ = {
			isa = PBXTargetDependency;
			target = 5621E4E32B9326B900307C89 /* location_accurary */;
			targetProxy = 5621E5052B9326BB00307C89 /* PBXContainerItemProxy */;
		};
/* End PBXTargetDependency section */

/* Begin PBXVariantGroup section */
		5621E4ED2B9326B900307C89 /* Main.storyboard */ = {
			isa = PBXVariantGroup;
			children = (
				5621E4EE2B9326B900307C89 /* Base */,
			);
			name = Main.storyboard;
			sourceTree = "<group>";
		};
		5621E4F22B9326BB00307C89 /* LaunchScreen.storyboard */ = {
			isa = PBXVariantGroup;
			children = (
				5621E4F32B9326BB00307C89 /* Base */,
			);
			name = LaunchScreen.storyboard;
			sourceTree = "<group>";
		};
/* End PBXVariantGroup section */

/* Begin XCBuildConfiguration section */
		5621E50C2B9326BC00307C89 /* Debug */ = {
			isa = XCBuildConfiguration;
			buildSettings = {
				ALWAYS_SEARCH_USER_PATHS = NO;
				CLANG_ANALYZER_NONNULL = YES;
				CLANG_ANALYZER_NUMBER_OBJECT_CONVERSION = YES_AGGRESSIVE;
				CLANG_CXX_LANGUAGE_STANDARD = "gnu++20";
				CLANG_ENABLE_MODULES = YES;
				CLANG_ENABLE_OBJC_ARC = YES;
				CLANG_ENABLE_OBJC_WEAK = YES;
				CLANG_WARN_BLOCK_CAPTURE_AUTORELEASING = YES;
				CLANG_WARN_BOOL_CONVERSION = YES;
				CLANG_WARN_COMMA = YES;
				CLANG_WARN_CONSTANT_CONVERSION = YES;
				CLANG_WARN_DEPRECATED_OBJC_IMPLEMENTATIONS = YES;
				CLANG_WARN_DIRECT_OBJC_ISA_USAGE = YES_ERROR;
				CLANG_WARN_DOCUMENTATION_COMMENTS = YES;
				CLANG_WARN_EMPTY_BODY = YES;
				CLANG_WARN_ENUM_CONVERSION = YES;
				CLANG_WARN_INFINITE_RECURSION = YES;
				CLANG_WARN_INT_CONVERSION = YES;
				CLANG_WARN_NON_LITERAL_NULL_CONVERSION = YES;
				CLANG_WARN_OBJC_IMPLICIT_RETAIN_SELF = YES;
				CLANG_WARN_OBJC_LITERAL_CONVERSION = YES;
				CLANG_WARN_OBJC_ROOT_CLASS = YES_ERROR;
				CLANG_WARN_QUOTED_INCLUDE_IN_FRAMEWORK_HEADER = YES;
				CLANG_WARN_RANGE_LOOP_ANALYSIS = YES;
				CLANG_WARN_STRICT_PROTOTYPES = YES;
				CLANG_WARN_SUSPICIOUS_MOVE = YES;
				CLANG_WARN_UNGUARDED_AVAILABILITY = YES_AGGRESSIVE;
				CLANG_WARN_UNREACHABLE_CODE = YES;
				CLANG_WARN__DUPLICATE_METHOD_MATCH = YES;
				COPY_PHASE_STRIP = NO;
				DEBUG_INFORMATION_FORMAT = dwarf;
				ENABLE_STRICT_OBJC_MSGSEND = YES;
				ENABLE_TESTABILITY = YES;
				GCC_C_LANGUAGE_STANDARD = gnu11;
				GCC_DYNAMIC_NO_PIC = NO;
				GCC_NO_COMMON_BLOCKS = YES;
				GCC_OPTIMIZATION_LEVEL = 0;
				GCC_PREPROCESSOR_DEFINITIONS = (
					"DEBUG=1",
					"$(inherited)",
				);
				GCC_WARN_64_TO_32_BIT_CONVERSION = YES;
				GCC_WARN_ABOUT_RETURN_TYPE = YES_ERROR;
				GCC_WARN_UNDECLARED_SELECTOR = YES;
				GCC_WARN_UNINITIALIZED_AUTOS = YES_AGGRESSIVE;
				GCC_WARN_UNUSED_FUNCTION = YES;
				GCC_WARN_UNUSED_VARIABLE = YES;
				IPHONEOS_DEPLOYMENT_TARGET = 16.2;
				MTL_ENABLE_DEBUG_INFO = INCLUDE_SOURCE;
				MTL_FAST_MATH = YES;
				ONLY_ACTIVE_ARCH = YES;
				SDKROOT = iphoneos;
				SWIFT_ACTIVE_COMPILATION_CONDITIONS = DEBUG;
				SWIFT_OPTIMIZATION_LEVEL = "-Onone";
			};
			name = Debug;
		};
		5621E50D2B9326BC00307C89 /* Release */ = {
			isa = XCBuildConfiguration;
			buildSettings = {
				ALWAYS_SEARCH_USER_PATHS = NO;
				CLANG_ANALYZER_NONNULL = YES;
				CLANG_ANALYZER_NUMBER_OBJECT_CONVERSION = YES_AGGRESSIVE;
				CLANG_CXX_LANGUAGE_STANDARD = "gnu++20";
				CLANG_ENABLE_MODULES = YES;
				CLANG_ENABLE_OBJC_ARC = YES;
				CLANG_ENABLE_OBJC_WEAK = YES;
				CLANG_WARN_BLOCK_CAPTURE_AUTORELEASING = YES;
				CLANG_WARN_BOOL_CONVERSION = YES;
				CLANG_WARN_COMMA = YES;
				CLANG_WARN_CONSTANT_CONVERSION = YES;
				CLANG_WARN_DEPRECATED_OBJC_IMPLEMENTATIONS = YES;
				CLANG_WARN_DIRECT_OBJC_ISA_USAGE = YES_ERROR;
				CLANG_WARN_DOCUMENTATION_COMMENTS = YES;
				CLANG_WARN_EMPTY_BODY = YES;
				CLANG_WARN_ENUM_CONVERSION = YES;
				CLANG_WARN_INFINITE_RECURSION = YES;
				CLANG_WARN_INT_CONVERSION = YES;
				CLANG_WARN_NON_LITERAL_NULL_CONVERSION = YES;
				CLANG_WARN_OBJC_IMPLICIT_RETAIN_SELF = YES;
				CLANG_WARN_OBJC_LITERAL_CONVERSION = YES;
				CLANG_WARN_OBJC_ROOT_CLASS = YES_ERROR;
				CLANG_WARN_QUOTED_INCLUDE_IN_FRAMEWORK_HEADER = YES;
				CLANG_WARN_RANGE_LOOP_ANALYSIS = YES;
				CLANG_WARN_STRICT_PROTOTYPES = YES;
				CLANG_WARN_SUSPICIOUS_MOVE = YES;
				CLANG_WARN_UNGUARDED_AVAILABILITY = YES_AGGRESSIVE;
				CLANG_WARN_UNREACHABLE_CODE = YES;
				CLANG_WARN__DUPLICATE_METHOD_MATCH = YES;
				COPY_PHASE_STRIP = NO;
				DEBUG_INFORMATION_FORMAT = "dwarf-with-dsym";
				ENABLE_NS_ASSERTIONS = NO;
				ENABLE_STRICT_OBJC_MSGSEND = YES;
				GCC_C_LANGUAGE_STANDARD = gnu11;
				GCC_NO_COMMON_BLOCKS = YES;
				GCC_WARN_64_TO_32_BIT_CONVERSION = YES;
				GCC_WARN_ABOUT_RETURN_TYPE = YES_ERROR;
				GCC_WARN_UNDECLARED_SELECTOR = YES;
				GCC_WARN_UNINITIALIZED_AUTOS = YES_AGGRESSIVE;
				GCC_WARN_UNUSED_FUNCTION = YES;
				GCC_WARN_UNUSED_VARIABLE = YES;
				IPHONEOS_DEPLOYMENT_TARGET = 16.2;
				MTL_ENABLE_DEBUG_INFO = NO;
				MTL_FAST_MATH = YES;
				SDKROOT = iphoneos;
				SWIFT_COMPILATION_MODE = wholemodule;
				SWIFT_OPTIMIZATION_LEVEL = "-O";
				VALIDATE_PRODUCT = YES;
			};
			name = Release;
		};
		5621E50F2B9326BC00307C89 /* Debug */ = {
			isa = XCBuildConfiguration;
			buildSettings = {
				ASSETCATALOG_COMPILER_APPICON_NAME = AppIcon;
				ASSETCATALOG_COMPILER_GLOBAL_ACCENT_COLOR_NAME = AccentColor;
				CODE_SIGN_STYLE = Automatic;
				CURRENT_PROJECT_VERSION = 1;
				DEVELOPMENT_TEAM = 7SGSPTV4C4;
				GENERATE_INFOPLIST_FILE = YES;
				INFOPLIST_FILE = location_accurary/Info.plist;
				INFOPLIST_KEY_UIApplicationSupportsIndirectInputEvents = YES;
				INFOPLIST_KEY_UILaunchStoryboardName = LaunchScreen;
				INFOPLIST_KEY_UIMainStoryboardFile = Main;
				INFOPLIST_KEY_UISupportedInterfaceOrientations_iPad = "UIInterfaceOrientationPortrait UIInterfaceOrientationPortraitUpsideDown UIInterfaceOrientationLandscapeLeft UIInterfaceOrientationLandscapeRight";
				INFOPLIST_KEY_UISupportedInterfaceOrientations_iPhone = "UIInterfaceOrientationPortrait UIInterfaceOrientationLandscapeLeft UIInterfaceOrientationLandscapeRight";
				LD_RUNPATH_SEARCH_PATHS = (
					"$(inherited)",
					"@executable_path/Frameworks",
				);
				MARKETING_VERSION = 1.0;
				PRODUCT_BUNDLE_IDENTIFIER = "com.taqucinco.location-accurary";
				PRODUCT_NAME = "$(TARGET_NAME)";
				SWIFT_EMIT_LOC_STRINGS = YES;
				SWIFT_VERSION = 5.0;
				TARGETED_DEVICE_FAMILY = "1,2";
			};
			name = Debug;
		};
		5621E5102B9326BC00307C89 /* Release */ = {
			isa = XCBuildConfiguration;
			buildSettings = {
				ASSETCATALOG_COMPILER_APPICON_NAME = AppIcon;
				ASSETCATALOG_COMPILER_GLOBAL_ACCENT_COLOR_NAME = AccentColor;
				CODE_SIGN_STYLE = Automatic;
				CURRENT_PROJECT_VERSION = 1;
				DEVELOPMENT_TEAM = 7SGSPTV4C4;
				GENERATE_INFOPLIST_FILE = YES;
				INFOPLIST_FILE = location_accurary/Info.plist;
				INFOPLIST_KEY_UIApplicationSupportsIndirectInputEvents = YES;
				INFOPLIST_KEY_UILaunchStoryboardName = LaunchScreen;
				INFOPLIST_KEY_UIMainStoryboardFile = Main;
				INFOPLIST_KEY_UISupportedInterfaceOrientations_iPad = "UIInterfaceOrientationPortrait UIInterfaceOrientationPortraitUpsideDown UIInterfaceOrientationLandscapeLeft UIInterfaceOrientationLandscapeRight";
				INFOPLIST_KEY_UISupportedInterfaceOrientations_iPhone = "UIInterfaceOrientationPortrait UIInterfaceOrientationLandscapeLeft UIInterfaceOrientationLandscapeRight";
				LD_RUNPATH_SEARCH_PATHS = (
					"$(inherited)",
					"@executable_path/Frameworks",
				);
				MARKETING_VERSION = 1.0;
				PRODUCT_BUNDLE_IDENTIFIER = "com.taqucinco.location-accurary";
				PRODUCT_NAME = "$(TARGET_NAME)";
				SWIFT_EMIT_LOC_STRINGS = YES;
				SWIFT_VERSION = 5.0;
				TARGETED_DEVICE_FAMILY = "1,2";
			};
			name = Release;
		};
		5621E5122B9326BC00307C89 /* Debug */ = {
			isa = XCBuildConfiguration;
			buildSettings = {
				ALWAYS_EMBED_SWIFT_STANDARD_LIBRARIES = YES;
				BUNDLE_LOADER = "$(TEST_HOST)";
				CODE_SIGN_STYLE = Automatic;
				CURRENT_PROJECT_VERSION = 1;
				DEVELOPMENT_TEAM = 7SGSPTV4C4;
				GENERATE_INFOPLIST_FILE = YES;
				IPHONEOS_DEPLOYMENT_TARGET = 16.2;
				MARKETING_VERSION = 1.0;
				PRODUCT_BUNDLE_IDENTIFIER = "com.taqucinco.location-accuraryTests";
				PRODUCT_NAME = "$(TARGET_NAME)";
				SWIFT_EMIT_LOC_STRINGS = NO;
				SWIFT_VERSION = 5.0;
				TARGETED_DEVICE_FAMILY = "1,2";
				TEST_HOST = "$(BUILT_PRODUCTS_DIR)/location_accurary.app/$(BUNDLE_EXECUTABLE_FOLDER_PATH)/location_accurary";
			};
			name = Debug;
		};
		5621E5132B9326BC00307C89 /* Release */ = {
			isa = XCBuildConfiguration;
			buildSettings = {
				ALWAYS_EMBED_SWIFT_STANDARD_LIBRARIES = YES;
				BUNDLE_LOADER = "$(TEST_HOST)";
				CODE_SIGN_STYLE = Automatic;
				CURRENT_PROJECT_VERSION = 1;
				DEVELOPMENT_TEAM = 7SGSPTV4C4;
				GENERATE_INFOPLIST_FILE = YES;
				IPHONEOS_DEPLOYMENT_TARGET = 16.2;
				MARKETING_VERSION = 1.0;
				PRODUCT_BUNDLE_IDENTIFIER = "com.taqucinco.location-accuraryTests";
				PRODUCT_NAME = "$(TARGET_NAME)";
				SWIFT_EMIT_LOC_STRINGS = NO;
				SWIFT_VERSION = 5.0;
				TARGETED_DEVICE_FAMILY = "1,2";
				TEST_HOST = "$(BUILT_PRODUCTS_DIR)/location_accurary.app/$(BUNDLE_EXECUTABLE_FOLDER_PATH)/location_accurary";
			};
			name = Release;
		};
		5621E5152B9326BC00307C89 /* Debug */ = {
			isa = XCBuildConfiguration;
			buildSettings = {
				ALWAYS_EMBED_SWIFT_STANDARD_LIBRARIES = YES;
				CODE_SIGN_STYLE = Automatic;
				CURRENT_PROJECT_VERSION = 1;
				DEVELOPMENT_TEAM = 7SGSPTV4C4;
				GENERATE_INFOPLIST_FILE = YES;
				MARKETING_VERSION = 1.0;
				PRODUCT_BUNDLE_IDENTIFIER = "com.taqucinco.location-accuraryUITests";
				PRODUCT_NAME = "$(TARGET_NAME)";
				SWIFT_EMIT_LOC_STRINGS = NO;
				SWIFT_VERSION = 5.0;
				TARGETED_DEVICE_FAMILY = "1,2";
				TEST_TARGET_NAME = location_accurary;
			};
			name = Debug;
		};
		5621E5162B9326BC00307C89 /* Release */ = {
			isa = XCBuildConfiguration;
			buildSettings = {
				ALWAYS_EMBED_SWIFT_STANDARD_LIBRARIES = YES;
				CODE_SIGN_STYLE = Automatic;
				CURRENT_PROJECT_VERSION = 1;
				DEVELOPMENT_TEAM = 7SGSPTV4C4;
				GENERATE_INFOPLIST_FILE = YES;
				MARKETING_VERSION = 1.0;
				PRODUCT_BUNDLE_IDENTIFIER = "com.taqucinco.location-accuraryUITests";
				PRODUCT_NAME = "$(TARGET_NAME)";
				SWIFT_EMIT_LOC_STRINGS = NO;
				SWIFT_VERSION = 5.0;
				TARGETED_DEVICE_FAMILY = "1,2";
				TEST_TARGET_NAME = location_accurary;
			};
			name = Release;
		};
/* End XCBuildConfiguration section */

/* Begin XCConfigurationList section */
		5621E4DF2B9326B900307C89 /* Build configuration list for PBXProject "location_accurary" */ = {
			isa = XCConfigurationList;
			buildConfigurations = (
				5621E50C2B9326BC00307C89 /* Debug */,
				5621E50D2B9326BC00307C89 /* Release */,
			);
			defaultConfigurationIsVisible = 0;
			defaultConfigurationName = Release;
		};
		5621E50E2B9326BC00307C89 /* Build configuration list for PBXNativeTarget "location_accurary" */ = {
			isa = XCConfigurationList;
			buildConfigurations = (
				5621E50F2B9326BC00307C89 /* Debug */,
				5621E5102B9326BC00307C89 /* Release */,
			);
			defaultConfigurationIsVisible = 0;
			defaultConfigurationName = Release;
		};
		5621E5112B9326BC00307C89 /* Build configuration list for PBXNativeTarget "location_accuraryTests" */ = {
			isa = XCConfigurationList;
			buildConfigurations = (
				5621E5122B9326BC00307C89 /* Debug */,
				5621E5132B9326BC00307C89 /* Release */,
			);
			defaultConfigurationIsVisible = 0;
			defaultConfigurationName = Release;
		};
		5621E5142B9326BC00307C89 /* Build configuration list for PBXNativeTarget "location_accuraryUITests" */ = {
			isa = XCConfigurationList;
			buildConfigurations = (
				5621E5152B9326BC00307C89 /* Debug */,
				5621E5162B9326BC00307C89 /* Release */,
			);
			defaultConfigurationIsVisible = 0;
			defaultConfigurationName = Release;
		};
/* End XCConfigurationList section */
	};
	rootObject = 5621E4DC2B9326B900307C89 /* Project object */;
}
